
Microsoft Visual Studio Solution File, Format Version 12.00
# Visual Studio Version 17
VisualStudioVersion = 17.11.35222.181
MinimumVisualStudioVersion = 10.0.40219.1
Project("{9A19103F-16F7-4668-BE54-9A1E7A4F7556}") = "WindowsClipboardMonitor", "WindowsClipboardMonitor.csproj", "{F7602B9A-CAB0-430C-8896-A0FF5607EE9F}"
EndProject
Project("{2150E333-8FDC-42A3-9474-1A3956D46DE8}") = "Элементы решения", "Элементы решения", "{EB3DE70A-5FC6-41C9-B75D-0E43ACF99796}"
	ProjectSection(SolutionItems) = preProject
		test_image_file.cs = test_image_file.cs
	EndProjectSection
EndProject
Global
	GlobalSection(SolutionConfigurationPlatforms) = preSolution
		Debug|Any CPU = Debug|Any CPU
		Release|Any CPU = Release|Any CPU
	EndGlobalSection
	GlobalSection(ProjectConfigurationPlatforms) = postSolution
		{F7602B9A-CAB0-430C-8896-A0FF5607EE9F}.Debug|Any CPU.ActiveCfg = Debug|Any CPU
		{F7602B9A-CAB0-430C-8896-A0FF5607EE9F}.Debug|Any CPU.Build.0 = Debug|Any CPU
		{F7602B9A-CAB0-430C-8896-A0FF5607EE9F}.Release|Any CPU.ActiveCfg = Release|Any CPU
		{F7602B9A-CAB0-430C-8896-A0FF5607EE9F}.Release|Any CPU.Build.0 = Release|Any CPU
	EndGlobalSection
	GlobalSection(SolutionProperties) = preSolution
		HideSolutionNode = FALSE
	EndGlobalSection
	GlobalSection(ExtensibilityGlobals) = postSolution
		SolutionGuid = {FA06B320-CB07-4147-BB29-2DF8C7AEA4F2}
	EndGlobalSection
EndGlobal
